
Microsoft Visual Studio Solution File, Format Version 12.00
Project("{FAE04EC0-301F-11D3-BF4B-00C04F79EFBC}") = "ReactiveUI_SourceGen_ObservableAsProperty_Issue", "ReactiveUI_SourceGen_ObservableAsProperty_Issue\ReactiveUI_SourceGen_ObservableAsProperty_Issue.csproj", "{F335BD36-42F5-4706-A52C-13F38555EAD0}"
EndProject
Global
	GlobalSection(SolutionConfigurationPlatforms) = preSolution
		Debug|Any CPU = Debug|Any CPU
		Release|Any CPU = Release|Any CPU
	EndGlobalSection
	GlobalSection(ProjectConfigurationPlatforms) = postSolution
		{F335BD36-42F5-4706-A52C-13F38555EAD0}.Debug|Any CPU.ActiveCfg = Debug|Any CPU
		{F335BD36-42F5-4706-A52C-13F38555EAD0}.Debug|Any CPU.Build.0 = Debug|Any CPU
		{F335BD36-42F5-4706-A52C-13F38555EAD0}.Release|Any CPU.ActiveCfg = Release|Any CPU
		{F335BD36-42F5-4706-A52C-13F38555EAD0}.Release|Any CPU.Build.0 = Release|Any CPU
	EndGlobalSection
EndGlobal
